
Microsoft Visual Studio Solution File, Format Version 12.00
# Visual Studio Version 16
VisualStudioVersion = 16.0.29709.97
MinimumVisualStudioVersion = 10.0.40219.1
Project("{FAE04EC0-301F-11D3-BF4B-00C04F79EFBC}") = "BlazorRades.State", "BlazorRades.State\BlazorRades.State.csproj", "{55BC569D-0745-484D-842F-D89AD3C8130E}"
EndProject
Project("{FAE04EC0-301F-11D3-BF4B-00C04F79EFBC}") = "BlazorRades.StateTests", "BlazorRades.StateTests\BlazorRades.StateTests.csproj", "{4AAB2371-76F4-4B50-98DF-8F99C7D7FCE5}"
EndProject
Global
	GlobalSection(SolutionConfigurationPlatforms) = preSolution
		Debug|Any CPU = Debug|Any CPU
		Release|Any CPU = Release|Any CPU
	EndGlobalSection
	GlobalSection(ProjectConfigurationPlatforms) = postSolution
		{55BC569D-0745-484D-842F-D89AD3C8130E}.Debug|Any CPU.ActiveCfg = Debug|Any CPU
		{55BC569D-0745-484D-842F-D89AD3C8130E}.Debug|Any CPU.Build.0 = Debug|Any CPU
		{55BC569D-0745-484D-842F-D89AD3C8130E}.Release|Any CPU.ActiveCfg = Release|Any CPU
		{55BC569D-0745-484D-842F-D89AD3C8130E}.Release|Any CPU.Build.0 = Release|Any CPU
		{4AAB2371-76F4-4B50-98DF-8F99C7D7FCE5}.Debug|Any CPU.ActiveCfg = Debug|Any CPU
		{4AAB2371-76F4-4B50-98DF-8F99C7D7FCE5}.Debug|Any CPU.Build.0 = Debug|Any CPU
		{4AAB2371-76F4-4B50-98DF-8F99C7D7FCE5}.Release|Any CPU.ActiveCfg = Release|Any CPU
		{4AAB2371-76F4-4B50-98DF-8F99C7D7FCE5}.Release|Any CPU.Build.0 = Release|Any CPU
	EndGlobalSection
	GlobalSection(SolutionProperties) = preSolution
		HideSolutionNode = FALSE
	EndGlobalSection
	GlobalSection(ExtensibilityGlobals) = postSolution
		SolutionGuid = {63F306E7-1656-4AED-9E5C-3BDAED04013F}
	EndGlobalSection
EndGlobal
