
Microsoft Visual Studio Solution File, Format Version 12.00
# Visual Studio Version 16
VisualStudioVersion = 16.0.29709.97
MinimumVisualStudioVersion = 10.0.40219.1
Project("{FAE04EC0-301F-11D3-BF4B-00C04F79EFBC}") = "BlazorRades.State.Website", "BlazorRades.State.Website\BlazorRades.State.Website.csproj", "{801DA9F8-8F4B-478A-9B32-2DE7059160F7}"
EndProject
Project("{FAE04EC0-301F-11D3-BF4B-00C04F79EFBC}") = "BlazorRades.State", "BlazorRades.State\BlazorRades.State.csproj", "{792379FB-CDD7-450C-AE85-F7A4974E5ED6}"
EndProject
Project("{FAE04EC0-301F-11D3-BF4B-00C04F79EFBC}") = "BlazorRades.StateTests", "BlazorRades.StateTests\BlazorRades.StateTests.csproj", "{1055832B-130E-47E2-8B26-0FD41560F5EE}"
EndProject
Project("{FAE04EC0-301F-11D3-BF4B-00C04F79EFBC}") = "BlazorRades.Commands", "BlazorRades.Commands\BlazorRades.Commands.csproj", "{D5268656-E8F8-4B43-8553-AAA23285AAAB}"
EndProject
Project("{FAE04EC0-301F-11D3-BF4B-00C04F79EFBC}") = "BlazorRades.CommandsTests", "BlazorRades.CommandsTests\BlazorRades.CommandsTests.csproj", "{B6B1528E-28C8-4F57-84B8-C8B6A398E0D4}"
EndProject
Global
	GlobalSection(SolutionConfigurationPlatforms) = preSolution
		Debug|Any CPU = Debug|Any CPU
		Release|Any CPU = Release|Any CPU
	EndGlobalSection
	GlobalSection(ProjectConfigurationPlatforms) = postSolution
		{801DA9F8-8F4B-478A-9B32-2DE7059160F7}.Debug|Any CPU.ActiveCfg = Debug|Any CPU
		{801DA9F8-8F4B-478A-9B32-2DE7059160F7}.Debug|Any CPU.Build.0 = Debug|Any CPU
		{801DA9F8-8F4B-478A-9B32-2DE7059160F7}.Release|Any CPU.ActiveCfg = Release|Any CPU
		{801DA9F8-8F4B-478A-9B32-2DE7059160F7}.Release|Any CPU.Build.0 = Release|Any CPU
		{792379FB-CDD7-450C-AE85-F7A4974E5ED6}.Debug|Any CPU.ActiveCfg = Debug|Any CPU
		{792379FB-CDD7-450C-AE85-F7A4974E5ED6}.Debug|Any CPU.Build.0 = Debug|Any CPU
		{792379FB-CDD7-450C-AE85-F7A4974E5ED6}.Release|Any CPU.ActiveCfg = Release|Any CPU
		{792379FB-CDD7-450C-AE85-F7A4974E5ED6}.Release|Any CPU.Build.0 = Release|Any CPU
		{1055832B-130E-47E2-8B26-0FD41560F5EE}.Debug|Any CPU.ActiveCfg = Debug|Any CPU
		{1055832B-130E-47E2-8B26-0FD41560F5EE}.Debug|Any CPU.Build.0 = Debug|Any CPU
		{1055832B-130E-47E2-8B26-0FD41560F5EE}.Release|Any CPU.ActiveCfg = Release|Any CPU
		{1055832B-130E-47E2-8B26-0FD41560F5EE}.Release|Any CPU.Build.0 = Release|Any CPU
		{D5268656-E8F8-4B43-8553-AAA23285AAAB}.Debug|Any CPU.ActiveCfg = Debug|Any CPU
		{D5268656-E8F8-4B43-8553-AAA23285AAAB}.Debug|Any CPU.Build.0 = Debug|Any CPU
		{D5268656-E8F8-4B43-8553-AAA23285AAAB}.Release|Any CPU.ActiveCfg = Release|Any CPU
		{D5268656-E8F8-4B43-8553-AAA23285AAAB}.Release|Any CPU.Build.0 = Release|Any CPU
		{B6B1528E-28C8-4F57-84B8-C8B6A398E0D4}.Debug|Any CPU.ActiveCfg = Debug|Any CPU
		{B6B1528E-28C8-4F57-84B8-C8B6A398E0D4}.Debug|Any CPU.Build.0 = Debug|Any CPU
		{B6B1528E-28C8-4F57-84B8-C8B6A398E0D4}.Release|Any CPU.ActiveCfg = Release|Any CPU
		{B6B1528E-28C8-4F57-84B8-C8B6A398E0D4}.Release|Any CPU.Build.0 = Release|Any CPU
	EndGlobalSection
	GlobalSection(SolutionProperties) = preSolution
		HideSolutionNode = FALSE
	EndGlobalSection
	GlobalSection(ExtensibilityGlobals) = postSolution
		SolutionGuid = {63F306E7-1656-4AED-9E5C-3BDAED04013F}
	EndGlobalSection
EndGlobal
